
Microsoft Visual Studio Solution File, Format Version 11.00
# Visual Studio 2010
Project("{FAE04EC0-301F-11D3-BF4B-00C04F79EFBC}") = "Assembly-CSharp", "Assembly-CSharp.csproj", "{30a0c4dc-3b2b-f5ef-9d08-0643499d6a4d}"
EndProject
Project("{FAE04EC0-301F-11D3-BF4B-00C04F79EFBC}") = "Assembly-CSharp-Editor", "Assembly-CSharp-Editor.csproj", "{be467d7a-8724-65b4-a760-924eb288e732}"
EndProject
Project("{FAE04EC0-301F-11D3-BF4B-00C04F79EFBC}") = "URPWizard", "URPWizard.csproj", "{2078b4f4-8f76-02c0-e897-b66096d671b8}"
EndProject
Global
	GlobalSection(SolutionConfigurationPlatforms) = preSolution
		Debug|Any CPU = Debug|Any CPU
	EndGlobalSection
	GlobalSection(ProjectConfigurationPlatforms) = postSolution
		{30a0c4dc-3b2b-f5ef-9d08-0643499d6a4d}.Debug|Any CPU.ActiveCfg = Debug|Any CPU
		{30a0c4dc-3b2b-f5ef-9d08-0643499d6a4d}.Debug|Any CPU.Build.0 = Debug|Any CPU
		{be467d7a-8724-65b4-a760-924eb288e732}.Debug|Any CPU.ActiveCfg = Debug|Any CPU
		{be467d7a-8724-65b4-a760-924eb288e732}.Debug|Any CPU.Build.0 = Debug|Any CPU
		{2078b4f4-8f76-02c0-e897-b66096d671b8}.Debug|Any CPU.ActiveCfg = Debug|Any CPU
		{2078b4f4-8f76-02c0-e897-b66096d671b8}.Debug|Any CPU.Build.0 = Debug|Any CPU
	EndGlobalSection
	GlobalSection(SolutionProperties) = preSolution
		HideSolutionNode = FALSE
	EndGlobalSection
EndGlobal
